// !$*UTF8*$!
{
	archiveVersion = 1;
	classes = {
	};
	objectVersion = 50;
	objects = {

/* Begin PBXBuildFile section */
		65D5D62E271FA9CE00508B70 /* Tests_iOS.swift in Sources */ = {isa = PBXBuildFile; fileRef = 65D5D62D271FA9CE00508B70 /* Tests_iOS.swift */; };
		65D5D639271FA9CE00508B70 /* Tests_macOS.swift in Sources */ = {isa = PBXBuildFile; fileRef = 65D5D638271FA9CE00508B70 /* Tests_macOS.swift */; };
		65D5D63B271FA9CE00508B70 /* MyOrder.xcdatamodeld in Sources */ = {isa = PBXBuildFile; fileRef = 65D5D60F271FA9CD00508B70 /* MyOrder.xcdatamodeld */; };
		65D5D63C271FA9CE00508B70 /* MyOrder.xcdatamodeld in Sources */ = {isa = PBXBuildFile; fileRef = 65D5D60F271FA9CD00508B70 /* MyOrder.xcdatamodeld */; };
		65D5D63D271FA9CE00508B70 /* MyOrderApp.swift in Sources */ = {isa = PBXBuildFile; fileRef = 65D5D611271FA9CD00508B70 /* MyOrderApp.swift */; };
		65D5D63E271FA9CE00508B70 /* MyOrderApp.swift in Sources */ = {isa = PBXBuildFile; fileRef = 65D5D611271FA9CD00508B70 /* MyOrderApp.swift */; };
		65D5D63F271FA9CE00508B70 /* ContentView.swift in Sources */ = {isa = PBXBuildFile; fileRef = 65D5D612271FA9CD00508B70 /* ContentView.swift */; };
		65D5D640271FA9CE00508B70 /* ContentView.swift in Sources */ = {isa = PBXBuildFile; fileRef = 65D5D612271FA9CD00508B70 /* ContentView.swift */; };
		65D5D641271FA9CE00508B70 /* Persistence.swift in Sources */ = {isa = PBXBuildFile; fileRef = 65D5D613271FA9CD00508B70 /* Persistence.swift */; };
		65D5D642271FA9CE00508B70 /* Persistence.swift in Sources */ = {isa = PBXBuildFile; fileRef = 65D5D613271FA9CD00508B70 /* Persistence.swift */; };
		65D5D643271FA9CE00508B70 /* Assets.xcassets in Resources */ = {isa = PBXBuildFile; fileRef = 65D5D614271FA9CE00508B70 /* Assets.xcassets */; };
		65D5D644271FA9CE00508B70 /* Assets.xcassets in Resources */ = {isa = PBXBuildFile; fileRef = 65D5D614271FA9CE00508B70 /* Assets.xcassets */; };
		65D5D65A271FA9E400508B70 /* orderList.swift in Sources */ = {isa = PBXBuildFile; fileRef = 65D5D657271FA9E400508B70 /* orderList.swift */; };
		65D5D65B271FA9E400508B70 /* orderList.swift in Sources */ = {isa = PBXBuildFile; fileRef = 65D5D657271FA9E400508B70 /* orderList.swift */; };
		65D5D65C271FA9E400508B70 /* orderList.swift in Sources */ = {isa = PBXBuildFile; fileRef = 65D5D657271FA9E400508B70 /* orderList.swift */; };
		65D5D65D271FA9E400508B70 /* orderList.swift in Sources */ = {isa = PBXBuildFile; fileRef = 65D5D657271FA9E400508B70 /* orderList.swift */; };
		65D5D65E271FA9E400508B70 /* NewOrder.swift in Sources */ = {isa = PBXBuildFile; fileRef = 65D5D658271FA9E400508B70 /* NewOrder.swift */; };
		65D5D65F271FA9E400508B70 /* NewOrder.swift in Sources */ = {isa = PBXBuildFile; fileRef = 65D5D658271FA9E400508B70 /* NewOrder.swift */; };
		65D5D660271FA9E400508B70 /* NewOrder.swift in Sources */ = {isa = PBXBuildFile; fileRef = 65D5D658271FA9E400508B70 /* NewOrder.swift */; };
		65D5D661271FA9E400508B70 /* NewOrder.swift in Sources */ = {isa = PBXBuildFile; fileRef = 65D5D658271FA9E400508B70 /* NewOrder.swift */; };
		65D5D662271FA9E400508B70 /* order.swift in Sources */ = {isa = PBXBuildFile; fileRef = 65D5D659271FA9E400508B70 /* order.swift */; };
		65D5D663271FA9E400508B70 /* order.swift in Sources */ = {isa = PBXBuildFile; fileRef = 65D5D659271FA9E400508B70 /* order.swift */; };
		65D5D664271FA9E400508B70 /* order.swift in Sources */ = {isa = PBXBuildFile; fileRef = 65D5D659271FA9E400508B70 /* order.swift */; };
		65D5D665271FA9E400508B70 /* order.swift in Sources */ = {isa = PBXBuildFile; fileRef = 65D5D659271FA9E400508B70 /* order.swift */; };
/* End PBXBuildFile section */

/* Begin PBXContainerItemProxy section */
		65D5D62A271FA9CE00508B70 /* PBXContainerItemProxy */ = {
			isa = PBXContainerItemProxy;
			containerPortal = 65D5D60A271FA9CC00508B70 /* Project object */;
			proxyType = 1;
			remoteGlobalIDString = 65D5D618271FA9CE00508B70;
			remoteInfo = "MyOrder (iOS)";
		};
		65D5D635271FA9CE00508B70 /* PBXContainerItemProxy */ = {
			isa = PBXContainerItemProxy;
			containerPortal = 65D5D60A271FA9CC00508B70 /* Project object */;
			proxyType = 1;
			remoteGlobalIDString = 65D5D620271FA9CE00508B70;
			remoteInfo = "MyOrder (macOS)";
		};
/* End PBXContainerItemProxy section */

/* Begin PBXFileReference section */
		65D5D610271FA9CD00508B70 /* Shared.xcdatamodel */ = {isa = PBXFileReference; lastKnownFileType = wrapper.xcdatamodel; path = Shared.xcdatamodel; sourceTree = "<group>"; };
		65D5D611271FA9CD00508B70 /* MyOrderApp.swift */ = {isa = PBXFileReference; lastKnownFileType = sourcecode.swift; path = MyOrderApp.swift; sourceTree = "<group>"; };
		65D5D612271FA9CD00508B70 /* ContentView.swift */ = {isa = PBXFileReference; lastKnownFileType = sourcecode.swift; path = ContentView.swift; sourceTree = "<group>"; };
		65D5D613271FA9CD00508B70 /* Persistence.swift */ = {isa = PBXFileReference; lastKnownFileType = sourcecode.swift; path = Persistence.swift; sourceTree = "<group>"; };
		65D5D614271FA9CE00508B70 /* Assets.xcassets */ = {isa = PBXFileReference; lastKnownFileType = folder.assetcatalog; path = Assets.xcassets; sourceTree = "<group>"; };
		65D5D619271FA9CE00508B70 /* MyOrder.app */ = {isa = PBXFileReference; explicitFileType = wrapper.application; includeInIndex = 0; path = MyOrder.app; sourceTree = BUILT_PRODUCTS_DIR; };
		65D5D61C271FA9CE00508B70 /* Info.plist */ = {isa = PBXFileReference; lastKnownFileType = text.plist.xml; path = Info.plist; sourceTree = "<group>"; };
		65D5D621271FA9CE00508B70 /* MyOrder.app */ = {isa = PBXFileReference; explicitFileType = wrapper.application; includeInIndex = 0; path = MyOrder.app; sourceTree = BUILT_PRODUCTS_DIR; };
		65D5D623271FA9CE00508B70 /* Info.plist */ = {isa = PBXFileReference; lastKnownFileType = text.plist.xml; path = Info.plist; sourceTree = "<group>"; };
		65D5D624271FA9CE00508B70 /* macOS.entitlements */ = {isa = PBXFileReference; lastKnownFileType = text.plist.entitlements; path = macOS.entitlements; sourceTree = "<group>"; };
		65D5D629271FA9CE00508B70 /* Tests iOS.xctest */ = {isa = PBXFileReference; explicitFileType = wrapper.cfbundle; includeInIndex = 0; path = "Tests iOS.xctest"; sourceTree = BUILT_PRODUCTS_DIR; };
		65D5D62D271FA9CE00508B70 /* Tests_iOS.swift */ = {isa = PBXFileReference; lastKnownFileType = sourcecode.swift; path = Tests_iOS.swift; sourceTree = "<group>"; };
		65D5D62F271FA9CE00508B70 /* Info.plist */ = {isa = PBXFileReference; lastKnownFileType = text.plist.xml; path = Info.plist; sourceTree = "<group>"; };
		65D5D634271FA9CE00508B70 /* Tests macOS.xctest */ = {isa = PBXFileReference; explicitFileType = wrapper.cfbundle; includeInIndex = 0; path = "Tests macOS.xctest"; sourceTree = BUILT_PRODUCTS_DIR; };
		65D5D638271FA9CE00508B70 /* Tests_macOS.swift */ = {isa = PBXFileReference; lastKnownFileType = sourcecode.swift; path = Tests_macOS.swift; sourceTree = "<group>"; };
		65D5D63A271FA9CE00508B70 /* Info.plist */ = {isa = PBXFileReference; lastKnownFileType = text.plist.xml; path = Info.plist; sourceTree = "<group>"; };
		65D5D657271FA9E400508B70 /* orderList.swift */ = {isa = PBXFileReference; fileEncoding = 4; lastKnownFileType = sourcecode.swift; path = orderList.swift; sourceTree = "<group>"; };
		65D5D658271FA9E400508B70 /* NewOrder.swift */ = {isa = PBXFileReference; fileEncoding = 4; lastKnownFileType = sourcecode.swift; path = NewOrder.swift; sourceTree = "<group>"; };
		65D5D659271FA9E400508B70 /* order.swift */ = {isa = PBXFileReference; fileEncoding = 4; lastKnownFileType = sourcecode.swift; path = order.swift; sourceTree = "<group>"; };
/* End PBXFileReference section */

/* Begin PBXFrameworksBuildPhase section */
		65D5D616271FA9CE00508B70 /* Frameworks */ = {
			isa = PBXFrameworksBuildPhase;
			buildActionMask = 2147483647;
			files = (
			);
			runOnlyForDeploymentPostprocessing = 0;
		};
		65D5D61E271FA9CE00508B70 /* Frameworks */ = {
			isa = PBXFrameworksBuildPhase;
			buildActionMask = 2147483647;
			files = (
			);
			runOnlyForDeploymentPostprocessing = 0;
		};
		65D5D626271FA9CE00508B70 /* Frameworks */ = {
			isa = PBXFrameworksBuildPhase;
			buildActionMask = 2147483647;
			files = (
			);
			runOnlyForDeploymentPostprocessing = 0;
		};
		65D5D631271FA9CE00508B70 /* Frameworks */ = {
			isa = PBXFrameworksBuildPhase;
			buildActionMask = 2147483647;
			files = (
			);
			runOnlyForDeploymentPostprocessing = 0;
		};
/* End PBXFrameworksBuildPhase section */

/* Begin PBXGroup section */
		65D5D609271FA9CC00508B70 = {
			isa = PBXGroup;
			children = (
				65D5D60E271FA9CD00508B70 /* Shared */,
				65D5D61B271FA9CE00508B70 /* iOS */,
				65D5D622271FA9CE00508B70 /* macOS */,
				65D5D62C271FA9CE00508B70 /* Tests iOS */,
				65D5D637271FA9CE00508B70 /* Tests macOS */,
				65D5D61A271FA9CE00508B70 /* Products */,
			);
			sourceTree = "<group>";
		};
		65D5D60E271FA9CD00508B70 /* Shared */ = {
			isa = PBXGroup;
			children = (
				65D5D611271FA9CD00508B70 /* MyOrderApp.swift */,
				65D5D612271FA9CD00508B70 /* ContentView.swift */,
				65D5D613271FA9CD00508B70 /* Persistence.swift */,
				65D5D658271FA9E400508B70 /* NewOrder.swift */,
				65D5D659271FA9E400508B70 /* order.swift */,
				65D5D657271FA9E400508B70 /* orderList.swift */,
				65D5D614271FA9CE00508B70 /* Assets.xcassets */,
				65D5D60F271FA9CD00508B70 /* MyOrder.xcdatamodeld */,
			);
			path = Shared;
			sourceTree = "<group>";
		};
		65D5D61A271FA9CE00508B70 /* Products */ = {
			isa = PBXGroup;
			children = (
				65D5D619271FA9CE00508B70 /* MyOrder.app */,
				65D5D621271FA9CE00508B70 /* MyOrder.app */,
				65D5D629271FA9CE00508B70 /* Tests iOS.xctest */,
				65D5D634271FA9CE00508B70 /* Tests macOS.xctest */,
			);
			name = Products;
			sourceTree = "<group>";
		};
		65D5D61B271FA9CE00508B70 /* iOS */ = {
			isa = PBXGroup;
			children = (
				65D5D61C271FA9CE00508B70 /* Info.plist */,
			);
			path = iOS;
			sourceTree = "<group>";
		};
		65D5D622271FA9CE00508B70 /* macOS */ = {
			isa = PBXGroup;
			children = (
				65D5D623271FA9CE00508B70 /* Info.plist */,
				65D5D624271FA9CE00508B70 /* macOS.entitlements */,
			);
			path = macOS;
			sourceTree = "<group>";
		};
		65D5D62C271FA9CE00508B70 /* Tests iOS */ = {
			isa = PBXGroup;
			children = (
				65D5D62D271FA9CE00508B70 /* Tests_iOS.swift */,
				65D5D62F271FA9CE00508B70 /* Info.plist */,
			);
			path = "Tests iOS";
			sourceTree = "<group>";
		};
		65D5D637271FA9CE00508B70 /* Tests macOS */ = {
			isa = PBXGroup;
			children = (
				65D5D638271FA9CE00508B70 /* Tests_macOS.swift */,
				65D5D63A271FA9CE00508B70 /* Info.plist */,
			);
			path = "Tests macOS";
			sourceTree = "<group>";
		};
/* End PBXGroup section */

/* Begin PBXNativeTarget section */
		65D5D618271FA9CE00508B70 /* MyOrder (iOS) */ = {
			isa = PBXNativeTarget;
			buildConfigurationList = 65D5D647271FA9CE00508B70 /* Build configuration list for PBXNativeTarget "MyOrder (iOS)" */;
			buildPhases = (
				65D5D615271FA9CE00508B70 /* Sources */,
				65D5D616271FA9CE00508B70 /* Frameworks */,
				65D5D617271FA9CE00508B70 /* Resources */,
			);
			buildRules = (
			);
			dependencies = (
			);
			name = "MyOrder (iOS)";
			productName = "MyOrder (iOS)";
			productReference = 65D5D619271FA9CE00508B70 /* MyOrder.app */;
			productType = "com.apple.product-type.application";
		};
		65D5D620271FA9CE00508B70 /* MyOrder (macOS) */ = {
			isa = PBXNativeTarget;
			buildConfigurationList = 65D5D64A271FA9CE00508B70 /* Build configuration list for PBXNativeTarget "MyOrder (macOS)" */;
			buildPhases = (
				65D5D61D271FA9CE00508B70 /* Sources */,
				65D5D61E271FA9CE00508B70 /* Frameworks */,
				65D5D61F271FA9CE00508B70 /* Resources */,
			);
			buildRules = (
			);
			dependencies = (
			);
			name = "MyOrder (macOS)";
			productName = "MyOrder (macOS)";
			productReference = 65D5D621271FA9CE00508B70 /* MyOrder.app */;
			productType = "com.apple.product-type.application";
		};
		65D5D628271FA9CE00508B70 /* Tests iOS */ = {
			isa = PBXNativeTarget;
			buildConfigurationList = 65D5D64D271FA9CE00508B70 /* Build configuration list for PBXNativeTarget "Tests iOS" */;
			buildPhases = (
				65D5D625271FA9CE00508B70 /* Sources */,
				65D5D626271FA9CE00508B70 /* Frameworks */,
				65D5D627271FA9CE00508B70 /* Resources */,
			);
			buildRules = (
			);
			dependencies = (
				65D5D62B271FA9CE00508B70 /* PBXTargetDependency */,
			);
			name = "Tests iOS";
			productName = "Tests iOS";
			productReference = 65D5D629271FA9CE00508B70 /* Tests iOS.xctest */;
			productType = "com.apple.product-type.bundle.ui-testing";
		};
		65D5D633271FA9CE00508B70 /* Tests macOS */ = {
			isa = PBXNativeTarget;
			buildConfigurationList = 65D5D650271FA9CE00508B70 /* Build configuration list for PBXNativeTarget "Tests macOS" */;
			buildPhases = (
				65D5D630271FA9CE00508B70 /* Sources */,
				65D5D631271FA9CE00508B70 /* Frameworks */,
				65D5D632271FA9CE00508B70 /* Resources */,
			);
			buildRules = (
			);
			dependencies = (
				65D5D636271FA9CE00508B70 /* PBXTargetDependency */,
			);
			name = "Tests macOS";
			productName = "Tests macOS";
			productReference = 65D5D634271FA9CE00508B70 /* Tests macOS.xctest */;
			productType = "com.apple.product-type.bundle.ui-testing";
		};
/* End PBXNativeTarget section */

/* Begin PBXProject section */
		65D5D60A271FA9CC00508B70 /* Project object */ = {
			isa = PBXProject;
			attributes = {
				LastSwiftUpdateCheck = 1240;
				LastUpgradeCheck = 1240;
				TargetAttributes = {
					65D5D618271FA9CE00508B70 = {
						CreatedOnToolsVersion = 12.4;
					};
					65D5D620271FA9CE00508B70 = {
						CreatedOnToolsVersion = 12.4;
					};
					65D5D628271FA9CE00508B70 = {
						CreatedOnToolsVersion = 12.4;
						TestTargetID = 65D5D618271FA9CE00508B70;
					};
					65D5D633271FA9CE00508B70 = {
						CreatedOnToolsVersion = 12.4;
						TestTargetID = 65D5D620271FA9CE00508B70;
					};
				};
			};
			buildConfigurationList = 65D5D60D271FA9CC00508B70 /* Build configuration list for PBXProject "MyOrder" */;
			compatibilityVersion = "Xcode 9.3";
			developmentRegion = en;
			hasScannedForEncodings = 0;
			knownRegions = (
				en,
				Base,
			);
			mainGroup = 65D5D609271FA9CC00508B70;
			productRefGroup = 65D5D61A271FA9CE00508B70 /* Products */;
			projectDirPath = "";
			projectRoot = "";
			targets = (
				65D5D618271FA9CE00508B70 /* MyOrder (iOS) */,
				65D5D620271FA9CE00508B70 /* MyOrder (macOS) */,
				65D5D628271FA9CE00508B70 /* Tests iOS */,
				65D5D633271FA9CE00508B70 /* Tests macOS */,
			);
		};
/* End PBXProject section */

/* Begin PBXResourcesBuildPhase section */
		65D5D617271FA9CE00508B70 /* Resources */ = {
			isa = PBXResourcesBuildPhase;
			buildActionMask = 2147483647;
			files = (
				65D5D643271FA9CE00508B70 /* Assets.xcassets in Resources */,
			);
			runOnlyForDeploymentPostprocessing = 0;
		};
		65D5D61F271FA9CE00508B70 /* Resources */ = {
			isa = PBXResourcesBuildPhase;
			buildActionMask = 2147483647;
			files = (
				65D5D644271FA9CE00508B70 /* Assets.xcassets in Resources */,
			);
			runOnlyForDeploymentPostprocessing = 0;
		};
		65D5D627271FA9CE00508B70 /* Resources */ = {
			isa = PBXResourcesBuildPhase;
			buildActionMask = 2147483647;
			files = (
			);
			runOnlyForDeploymentPostprocessing = 0;
		};
		65D5D632271FA9CE00508B70 /* Resources */ = {
			isa = PBXResourcesBuildPhase;
			buildActionMask = 2147483647;
			files = (
			);
			runOnlyForDeploymentPostprocessing = 0;
		};
/* End PBXResourcesBuildPhase section */

/* Begin PBXSourcesBuildPhase section */
		65D5D615271FA9CE00508B70 /* Sources */ = {
			isa = PBXSourcesBuildPhase;
			buildActionMask = 2147483647;
			files = (
				65D5D65A271FA9E400508B70 /* orderList.swift in Sources */,
				65D5D65E271FA9E400508B70 /* NewOrder.swift in Sources */,
				65D5D662271FA9E400508B70 /* order.swift in Sources */,
				65D5D63D271FA9CE00508B70 /* MyOrderApp.swift in Sources */,
				65D5D641271FA9CE00508B70 /* Persistence.swift in Sources */,
				65D5D63B271FA9CE00508B70 /* MyOrder.xcdatamodeld in Sources */,
				65D5D63F271FA9CE00508B70 /* ContentView.swift in Sources */,
			);
			runOnlyForDeploymentPostprocessing = 0;
		};
		65D5D61D271FA9CE00508B70 /* Sources */ = {
			isa = PBXSourcesBuildPhase;
			buildActionMask = 2147483647;
			files = (
				65D5D65B271FA9E400508B70 /* orderList.swift in Sources */,
				65D5D65F271FA9E400508B70 /* NewOrder.swift in Sources */,
				65D5D663271FA9E400508B70 /* order.swift in Sources */,
				65D5D63E271FA9CE00508B70 /* MyOrderApp.swift in Sources */,
				65D5D642271FA9CE00508B70 /* Persistence.swift in Sources */,
				65D5D63C271FA9CE00508B70 /* MyOrder.xcdatamodeld in Sources */,
				65D5D640271FA9CE00508B70 /* ContentView.swift in Sources */,
			);
			runOnlyForDeploymentPostprocessing = 0;
		};
		65D5D625271FA9CE00508B70 /* Sources */ = {
			isa = PBXSourcesBuildPhase;
			buildActionMask = 2147483647;
			files = (
				65D5D65C271FA9E400508B70 /* orderList.swift in Sources */,
				65D5D660271FA9E400508B70 /* NewOrder.swift in Sources */,
				65D5D664271FA9E400508B70 /* order.swift in Sources */,
				65D5D62E271FA9CE00508B70 /* Tests_iOS.swift in Sources */,
			);
			runOnlyForDeploymentPostprocessing = 0;
		};
		65D5D630271FA9CE00508B70 /* Sources */ = {
			isa = PBXSourcesBuildPhase;
			buildActionMask = 2147483647;
			files = (
				65D5D65D271FA9E400508B70 /* orderList.swift in Sources */,
				65D5D661271FA9E400508B70 /* NewOrder.swift in Sources */,
				65D5D665271FA9E400508B70 /* order.swift in Sources */,
				65D5D639271FA9CE00508B70 /* Tests_macOS.swift in Sources */,
			);
			runOnlyForDeploymentPostprocessing = 0;
		};
/* End PBXSourcesBuildPhase section */

/* Begin PBXTargetDependency section */
		65D5D62B271FA9CE00508B70 /* PBXTargetDependency */ = {
			isa = PBXTargetDependency;
			target = 65D5D618271FA9CE00508B70 /* MyOrder (iOS) */;
			targetProxy = 65D5D62A271FA9CE00508B70 /* PBXContainerItemProxy */;
		};
		65D5D636271FA9CE00508B70 /* PBXTargetDependency */ = {
			isa = PBXTargetDependency;
			target = 65D5D620271FA9CE00508B70 /* MyOrder (macOS) */;
			targetProxy = 65D5D635271FA9CE00508B70 /* PBXContainerItemProxy */;
		};
/* End PBXTargetDependency section */

/* Begin XCBuildConfiguration section */
		65D5D645271FA9CE00508B70 /* Debug */ = {
			isa = XCBuildConfiguration;
			buildSettings = {
				ALWAYS_SEARCH_USER_PATHS = NO;
				CLANG_ANALYZER_NONNULL = YES;
				CLANG_ANALYZER_NUMBER_OBJECT_CONVERSION = YES_AGGRESSIVE;
				CLANG_CXX_LANGUAGE_STANDARD = "gnu++14";
				CLANG_CXX_LIBRARY = "libc++";
				CLANG_ENABLE_MODULES = YES;
				CLANG_ENABLE_OBJC_ARC = YES;
				CLANG_ENABLE_OBJC_WEAK = YES;
				CLANG_WARN_BLOCK_CAPTURE_AUTORELEASING = YES;
				CLANG_WARN_BOOL_CONVERSION = YES;
				CLANG_WARN_COMMA = YES;
				CLANG_WARN_CONSTANT_CONVERSION = YES;
				CLANG_WARN_DEPRECATED_OBJC_IMPLEMENTATIONS = YES;
				CLANG_WARN_DIRECT_OBJC_ISA_USAGE = YES_ERROR;
				CLANG_WARN_DOCUMENTATION_COMMENTS = YES;
				CLANG_WARN_EMPTY_BODY = YES;
				CLANG_WARN_ENUM_CONVERSION = YES;
				CLANG_WARN_INFINITE_RECURSION = YES;
				CLANG_WARN_INT_CONVERSION = YES;
				CLANG_WARN_NON_LITERAL_NULL_CONVERSION = YES;
				CLANG_WARN_OBJC_IMPLICIT_RETAIN_SELF = YES;
				CLANG_WARN_OBJC_LITERAL_CONVERSION = YES;
				CLANG_WARN_OBJC_ROOT_CLASS = YES_ERROR;
				CLANG_WARN_QUOTED_INCLUDE_IN_FRAMEWORK_HEADER = YES;
				CLANG_WARN_RANGE_LOOP_ANALYSIS = YES;
				CLANG_WARN_STRICT_PROTOTYPES = YES;
				CLANG_WARN_SUSPICIOUS_MOVE = YES;
				CLANG_WARN_UNGUARDED_AVAILABILITY = YES_AGGRESSIVE;
				CLANG_WARN_UNREACHABLE_CODE = YES;
				CLANG_WARN__DUPLICATE_METHOD_MATCH = YES;
				COPY_PHASE_STRIP = NO;
				DEBUG_INFORMATION_FORMAT = dwarf;
				ENABLE_STRICT_OBJC_MSGSEND = YES;
				ENABLE_TESTABILITY = YES;
				GCC_C_LANGUAGE_STANDARD = gnu11;
				GCC_DYNAMIC_NO_PIC = NO;
				GCC_NO_COMMON_BLOCKS = YES;
				GCC_OPTIMIZATION_LEVEL = 0;
				GCC_PREPROCESSOR_DEFINITIONS = (
					"DEBUG=1",
					"$(inherited)",
				);
				GCC_WARN_64_TO_32_BIT_CONVERSION = YES;
				GCC_WARN_ABOUT_RETURN_TYPE = YES_ERROR;
				GCC_WARN_UNDECLARED_SELECTOR = YES;
				GCC_WARN_UNINITIALIZED_AUTOS = YES_AGGRESSIVE;
				GCC_WARN_UNUSED_FUNCTION = YES;
				GCC_WARN_UNUSED_VARIABLE = YES;
				MTL_ENABLE_DEBUG_INFO = INCLUDE_SOURCE;
				MTL_FAST_MATH = YES;
				ONLY_ACTIVE_ARCH = YES;
				SWIFT_ACTIVE_COMPILATION_CONDITIONS = DEBUG;
				SWIFT_OPTIMIZATION_LEVEL = "-Onone";
			};
			name = Debug;
		};
		65D5D646271FA9CE00508B70 /* Release */ = {
			isa = XCBuildConfiguration;
			buildSettings = {
				ALWAYS_SEARCH_USER_PATHS = NO;
				CLANG_ANALYZER_NONNULL = YES;
				CLANG_ANALYZER_NUMBER_OBJECT_CONVERSION = YES_AGGRESSIVE;
				CLANG_CXX_LANGUAGE_STANDARD = "gnu++14";
				CLANG_CXX_LIBRARY = "libc++";
				CLANG_ENABLE_MODULES = YES;
				CLANG_ENABLE_OBJC_ARC = YES;
				CLANG_ENABLE_OBJC_WEAK = YES;
				CLANG_WARN_BLOCK_CAPTURE_AUTORELEASING = YES;
				CLANG_WARN_BOOL_CONVERSION = YES;
				CLANG_WARN_COMMA = YES;
				CLANG_WARN_CONSTANT_CONVERSION = YES;
				CLANG_WARN_DEPRECATED_OBJC_IMPLEMENTATIONS = YES;
				CLANG_WARN_DIRECT_OBJC_ISA_USAGE = YES_ERROR;
				CLANG_WARN_DOCUMENTATION_COMMENTS = YES;
				CLANG_WARN_EMPTY_BODY = YES;
				CLANG_WARN_ENUM_CONVERSION = YES;
				CLANG_WARN_INFINITE_RECURSION = YES;
				CLANG_WARN_INT_CONVERSION = YES;
				CLANG_WARN_NON_LITERAL_NULL_CONVERSION = YES;
				CLANG_WARN_OBJC_IMPLICIT_RETAIN_SELF = YES;
				CLANG_WARN_OBJC_LITERAL_CONVERSION = YES;
				CLANG_WARN_OBJC_ROOT_CLASS = YES_ERROR;
				CLANG_WARN_QUOTED_INCLUDE_IN_FRAMEWORK_HEADER = YES;
				CLANG_WARN_RANGE_LOOP_ANALYSIS = YES;
				CLANG_WARN_STRICT_PROTOTYPES = YES;
				CLANG_WARN_SUSPICIOUS_MOVE = YES;
				CLANG_WARN_UNGUARDED_AVAILABILITY = YES_AGGRESSIVE;
				CLANG_WARN_UNREACHABLE_CODE = YES;
				CLANG_WARN__DUPLICATE_METHOD_MATCH = YES;
				COPY_PHASE_STRIP = NO;
				DEBUG_INFORMATION_FORMAT = "dwarf-with-dsym";
				ENABLE_NS_ASSERTIONS = NO;
				ENABLE_STRICT_OBJC_MSGSEND = YES;
				GCC_C_LANGUAGE_STANDARD = gnu11;
				GCC_NO_COMMON_BLOCKS = YES;
				GCC_WARN_64_TO_32_BIT_CONVERSION = YES;
				GCC_WARN_ABOUT_RETURN_TYPE = YES_ERROR;
				GCC_WARN_UNDECLARED_SELECTOR = YES;
				GCC_WARN_UNINITIALIZED_AUTOS = YES_AGGRESSIVE;
				GCC_WARN_UNUSED_FUNCTION = YES;
				GCC_WARN_UNUSED_VARIABLE = YES;
				MTL_ENABLE_DEBUG_INFO = NO;
				MTL_FAST_MATH = YES;
				SWIFT_COMPILATION_MODE = wholemodule;
				SWIFT_OPTIMIZATION_LEVEL = "-O";
			};
			name = Release;
		};
		65D5D648271FA9CE00508B70 /* Debug */ = {
			isa = XCBuildConfiguration;
			buildSettings = {
				ASSETCATALOG_COMPILER_APPICON_NAME = AppIcon;
				ASSETCATALOG_COMPILER_GLOBAL_ACCENT_COLOR_NAME = AccentColor;
				CODE_SIGN_IDENTITY = "Apple Development";
				CODE_SIGN_STYLE = Automatic;
				DEVELOPMENT_TEAM = "";
				ENABLE_PREVIEWS = YES;
				INFOPLIST_FILE = iOS/Info.plist;
				IPHONEOS_DEPLOYMENT_TARGET = 14.0;
				LD_RUNPATH_SEARCH_PATHS = (
					"$(inherited)",
					"@executable_path/Frameworks",
				);
				PRODUCT_BUNDLE_IDENTIFIER = myOrder.MyOrder;
				PRODUCT_NAME = MyOrder;
				PROVISIONING_PROFILE_SPECIFIER = "";
				SDKROOT = iphoneos;
				SWIFT_VERSION = 5.0;
				TARGETED_DEVICE_FAMILY = "1,2";
			};
			name = Debug;
		};
		65D5D649271FA9CE00508B70 /* Release */ = {
			isa = XCBuildConfiguration;
			buildSettings = {
				ASSETCATALOG_COMPILER_APPICON_NAME = AppIcon;
				ASSETCATALOG_COMPILER_GLOBAL_ACCENT_COLOR_NAME = AccentColor;
				CODE_SIGN_IDENTITY = "Apple Development";
				CODE_SIGN_STYLE = Automatic;
				DEVELOPMENT_TEAM = "";
				ENABLE_PREVIEWS = YES;
				INFOPLIST_FILE = iOS/Info.plist;
				IPHONEOS_DEPLOYMENT_TARGET = 14.0;
				LD_RUNPATH_SEARCH_PATHS = (
					"$(inherited)",
					"@executable_path/Frameworks",
				);
				PRODUCT_BUNDLE_IDENTIFIER = myOrder.MyOrder;
				PRODUCT_NAME = MyOrder;
				PROVISIONING_PROFILE_SPECIFIER = "";
				SDKROOT = iphoneos;
				SWIFT_VERSION = 5.0;
				TARGETED_DEVICE_FAMILY = "1,2";
				VALIDATE_PRODUCT = YES;
			};
			name = Release;
		};
		65D5D64B271FA9CE00508B70 /* Debug */ = {
			isa = XCBuildConfiguration;
			buildSettings = {
				ASSETCATALOG_COMPILER_APPICON_NAME = AppIcon;
				ASSETCATALOG_COMPILER_GLOBAL_ACCENT_COLOR_NAME = AccentColor;
				CODE_SIGN_ENTITLEMENTS = macOS/macOS.entitlements;
				CODE_SIGN_STYLE = Automatic;
				COMBINE_HIDPI_IMAGES = YES;
				DEVELOPMENT_TEAM = CLW47Q2LM2;
				ENABLE_HARDENED_RUNTIME = YES;
				ENABLE_PREVIEWS = YES;
				INFOPLIST_FILE = macOS/Info.plist;
				LD_RUNPATH_SEARCH_PATHS = (
					"$(inherited)",
					"@executable_path/../Frameworks",
				);
				MACOSX_DEPLOYMENT_TARGET = 11.0;
				PRODUCT_BUNDLE_IDENTIFIER = myOrder.MyOrder;
				PRODUCT_NAME = MyOrder;
				SDKROOT = macosx;
				SWIFT_VERSION = 5.0;
			};
			name = Debug;
		};
		65D5D64C271FA9CE00508B70 /* Release */ = {
			isa = XCBuildConfiguration;
			buildSettings = {
				ASSETCATALOG_COMPILER_APPICON_NAME = AppIcon;
				ASSETCATALOG_COMPILER_GLOBAL_ACCENT_COLOR_NAME = AccentColor;
				CODE_SIGN_ENTITLEMENTS = macOS/macOS.entitlements;
				CODE_SIGN_STYLE = Automatic;
				COMBINE_HIDPI_IMAGES = YES;
				DEVELOPMENT_TEAM = CLW47Q2LM2;
				ENABLE_HARDENED_RUNTIME = YES;
				ENABLE_PREVIEWS = YES;
				INFOPLIST_FILE = macOS/Info.plist;
				LD_RUNPATH_SEARCH_PATHS = (
					"$(inherited)",
					"@executable_path/../Frameworks",
				);
				MACOSX_DEPLOYMENT_TARGET = 11.0;
				PRODUCT_BUNDLE_IDENTIFIER = myOrder.MyOrder;
				PRODUCT_NAME = MyOrder;
				SDKROOT = macosx;
				SWIFT_VERSION = 5.0;
			};
			name = Release;
		};
		65D5D64E271FA9CE00508B70 /* Debug */ = {
			isa = XCBuildConfiguration;
			buildSettings = {
				ALWAYS_EMBED_SWIFT_STANDARD_LIBRARIES = YES;
				CODE_SIGN_STYLE = Automatic;
				DEVELOPMENT_TEAM = CLW47Q2LM2;
				INFOPLIST_FILE = "Tests iOS/Info.plist";
				IPHONEOS_DEPLOYMENT_TARGET = 14.4;
				LD_RUNPATH_SEARCH_PATHS = (
					"$(inherited)",
					"@executable_path/Frameworks",
					"@loader_path/Frameworks",
				);
				PRODUCT_BUNDLE_IDENTIFIER = "myOrder.Tests-iOS";
				PRODUCT_NAME = "$(TARGET_NAME)";
				SDKROOT = iphoneos;
				SWIFT_VERSION = 5.0;
				TARGETED_DEVICE_FAMILY = "1,2";
				TEST_TARGET_NAME = "MyOrder (iOS)";
			};
			name = Debug;
		};
		65D5D64F271FA9CE00508B70 /* Release */ = {
			isa = XCBuildConfiguration;
			buildSettings = {
				ALWAYS_EMBED_SWIFT_STANDARD_LIBRARIES = YES;
				CODE_SIGN_STYLE = Automatic;
				DEVELOPMENT_TEAM = CLW47Q2LM2;
				INFOPLIST_FILE = "Tests iOS/Info.plist";
				IPHONEOS_DEPLOYMENT_TARGET = 14.4;
				LD_RUNPATH_SEARCH_PATHS = (
					"$(inherited)",
					"@executable_path/Frameworks",
					"@loader_path/Frameworks",
				);
				PRODUCT_BUNDLE_IDENTIFIER = "myOrder.Tests-iOS";
				PRODUCT_NAME = "$(TARGET_NAME)";
				SDKROOT = iphoneos;
				SWIFT_VERSION = 5.0;
				TARGETED_DEVICE_FAMILY = "1,2";
				TEST_TARGET_NAME = "MyOrder (iOS)";
				VALIDATE_PRODUCT = YES;
			};
			name = Release;
		};
		65D5D651271FA9CE00508B70 /* Debug */ = {
			isa = XCBuildConfiguration;
			buildSettings = {
				ALWAYS_EMBED_SWIFT_STANDARD_LIBRARIES = YES;
				CODE_SIGN_STYLE = Automatic;
				COMBINE_HIDPI_IMAGES = YES;
				DEVELOPMENT_TEAM = CLW47Q2LM2;
				INFOPLIST_FILE = "Tests macOS/Info.plist";
				LD_RUNPATH_SEARCH_PATHS = (
					"$(inherited)",
					"@executable_path/../Frameworks",
					"@loader_path/../Frameworks",
				);
				MACOSX_DEPLOYMENT_TARGET = 11.1;
				PRODUCT_BUNDLE_IDENTIFIER = "myOrder.Tests-macOS";
				PRODUCT_NAME = "$(TARGET_NAME)";
				SDKROOT = macosx;
				SWIFT_VERSION = 5.0;
				TEST_TARGET_NAME = "MyOrder (macOS)";
			};
			name = Debug;
		};
		65D5D652271FA9CE00508B70 /* Release */ = {
			isa = XCBuildConfiguration;
			buildSettings = {
				ALWAYS_EMBED_SWIFT_STANDARD_LIBRARIES = YES;
				CODE_SIGN_STYLE = Automatic;
				COMBINE_HIDPI_IMAGES = YES;
				DEVELOPMENT_TEAM = CLW47Q2LM2;
				INFOPLIST_FILE = "Tests macOS/Info.plist";
				LD_RUNPATH_SEARCH_PATHS = (
					"$(inherited)",
					"@executable_path/../Frameworks",
					"@loader_path/../Frameworks",
				);
				MACOSX_DEPLOYMENT_TARGET = 11.1;
				PRODUCT_BUNDLE_IDENTIFIER = "myOrder.Tests-macOS";
				PRODUCT_NAME = "$(TARGET_NAME)";
				SDKROOT = macosx;
				SWIFT_VERSION = 5.0;
				TEST_TARGET_NAME = "MyOrder (macOS)";
			};
			name = Release;
		};
/* End XCBuildConfiguration section */

/* Begin XCConfigurationList section */
		65D5D60D271FA9CC00508B70 /* Build configuration list for PBXProject "MyOrder" */ = {
			isa = XCConfigurationList;
			buildConfigurations = (
				65D5D645271FA9CE00508B70 /* Debug */,
				65D5D646271FA9CE00508B70 /* Release */,
			);
			defaultConfigurationIsVisible = 0;
			defaultConfigurationName = Release;
		};
		65D5D647271FA9CE00508B70 /* Build configuration list for PBXNativeTarget "MyOrder (iOS)" */ = {
			isa = XCConfigurationList;
			buildConfigurations = (
				65D5D648271FA9CE00508B70 /* Debug */,
				65D5D649271FA9CE00508B70 /* Release */,
			);
			defaultConfigurationIsVisible = 0;
			defaultConfigurationName = Release;
		};
		65D5D64A271FA9CE00508B70 /* Build configuration list for PBXNativeTarget "MyOrder (macOS)" */ = {
			isa = XCConfigurationList;
			buildConfigurations = (
				65D5D64B271FA9CE00508B70 /* Debug */,
				65D5D64C271FA9CE00508B70 /* Release */,
			);
			defaultConfigurationIsVisible = 0;
			defaultConfigurationName = Release;
		};
		65D5D64D271FA9CE00508B70 /* Build configuration list for PBXNativeTarget "Tests iOS" */ = {
			isa = XCConfigurationList;
			buildConfigurations = (
				65D5D64E271FA9CE00508B70 /* Debug */,
				65D5D64F271FA9CE00508B70 /* Release */,
			);
			defaultConfigurationIsVisible = 0;
			defaultConfigurationName = Release;
		};
		65D5D650271FA9CE00508B70 /* Build configuration list for PBXNativeTarget "Tests macOS" */ = {
			isa = XCConfigurationList;
			buildConfigurations = (
				65D5D651271FA9CE00508B70 /* Debug */,
				65D5D652271FA9CE00508B70 /* Release */,
			);
			defaultConfigurationIsVisible = 0;
			defaultConfigurationName = Release;
		};
/* End XCConfigurationList section */

/* Begin XCVersionGroup section */
		65D5D60F271FA9CD00508B70 /* MyOrder.xcdatamodeld */ = {
			isa = XCVersionGroup;
			children = (
				65D5D610271FA9CD00508B70 /* Shared.xcdatamodel */,
			);
			currentVersion = 65D5D610271FA9CD00508B70 /* Shared.xcdatamodel */;
			path = MyOrder.xcdatamodeld;
			sourceTree = "<group>";
			versionGroupType = wrapper.xcdatamodel;
		};
/* End XCVersionGroup section */
	};
	rootObject = 65D5D60A271FA9CC00508B70 /* Project object */;
}
